{
  "requires": true,
  "lockfileVersion": 1,
  "dependencies": {
    "@mdi/font": {
      "version": "5.3.45",
      "resolved": "https://registry.npmjs.org/@mdi/font/-/font-5.3.45.tgz",
      "integrity": "sha512-SD5d2vHEKRvDCInZQFXOwiFpBlzpuZOiqwxKf6E+zCt7UDc52TUSrL0+TXqY57VQh/SnTpZVXM+Uvs21OdPFWg=="
    }
  }
}
